Microsoft Visual Studio Solution File, Format Version 12.00
# Visual Studio Version 17
VisualStudioVersion = 17.5.2.0
MinimumVisualStudioVersion = 10.0.40219.1
Project("{2150E333-8FDC-42A3-9474-1A3956D46DE8}") = "CsharpProjects", "CsharpProjects", "{377645E0-7459-E4D6-7B01-C40A186E0CA7}"
EndProject
Project("{2150E333-8FDC-42A3-9474-1A3956D46DE8}") = "TestProject", "TestProject", "{A3B8A19E-606C-D9DF-2C11-DA7D8BC561DF}"
EndProject
Project("{FAE04EC0-301F-11D3-BF4B-00C04F79EFBC}") = "createAndRun", "CsharpProjects\TestProject\createAndRun\createAndRun.csproj", "{BB49B6B6-372D-0521-28B3-6D9D9AA55168}"
EndProject
Global
	GlobalSection(SolutionConfigurationPlatforms) = preSolution
		Debug|Any CPU = Debug|Any CPU
		Release|Any CPU = Release|Any CPU
	EndGlobalSection
	GlobalSection(ProjectConfigurationPlatforms) = postSolution
		{BB49B6B6-372D-0521-28B3-6D9D9AA55168}.Debug|Any CPU.ActiveCfg = Debug|Any CPU
		{BB49B6B6-372D-0521-28B3-6D9D9AA55168}.Debug|Any CPU.Build.0 = Debug|Any CPU
		{BB49B6B6-372D-0521-28B3-6D9D9AA55168}.Release|Any CPU.ActiveCfg = Release|Any CPU
		{BB49B6B6-372D-0521-28B3-6D9D9AA55168}.Release|Any CPU.Build.0 = Release|Any CPU
	EndGlobalSection
	GlobalSection(SolutionProperties) = preSolution
		HideSolutionNode = FALSE
	EndGlobalSection
	GlobalSection(NestedProjects) = preSolution
		{A3B8A19E-606C-D9DF-2C11-DA7D8BC561DF} = {377645E0-7459-E4D6-7B01-C40A186E0CA7}
		{BB49B6B6-372D-0521-28B3-6D9D9AA55168} = {A3B8A19E-606C-D9DF-2C11-DA7D8BC561DF}
	EndGlobalSection
	GlobalSection(ExtensibilityGlobals) = postSolution
		SolutionGuid = {E38765EF-FFFD-4861-9D17-DA8E5CF86762}
	EndGlobalSection
EndGlobal
